
Microsoft Visual Studio Solution File, Format Version 12.00
# Visual Studio Version 17
VisualStudioVersion = 17.2.32602.215
MinimumVisualStudioVersion = 10.0.40219.1
Project("{FAE04EC0-301F-11D3-BF4B-00C04F79EFBC}") = "zad6", "task6\zad6.csproj", "{48DA6F62-FC94-42E1-B040-2785B329466C}"
EndProject
Global
	GlobalSection(SolutionConfigurationPlatforms) = preSolution
		Debug|Any CPU = Debug|Any CPU
		Release|Any CPU = Release|Any CPU
	EndGlobalSection
	GlobalSection(ProjectConfigurationPlatforms) = postSolution
		{48DA6F62-FC94-42E1-B040-2785B329466C}.Debug|Any CPU.ActiveCfg = Debug|Any CPU
		{48DA6F62-FC94-42E1-B040-2785B329466C}.Debug|Any CPU.Build.0 = Debug|Any CPU
		{48DA6F62-FC94-42E1-B040-2785B329466C}.Release|Any CPU.ActiveCfg = Release|Any CPU
		{48DA6F62-FC94-42E1-B040-2785B329466C}.Release|Any CPU.Build.0 = Release|Any CPU
	EndGlobalSection
	GlobalSection(SolutionProperties) = preSolution
		HideSolutionNode = FALSE
	EndGlobalSection
	GlobalSection(ExtensibilityGlobals) = postSolution
		SolutionGuid = {946F54C7-589F-4954-9D1A-4CCA176A2C56}
	EndGlobalSection
EndGlobal
