
Microsoft Visual Studio Solution File, Format Version 12.00
# Visual Studio Version 17
VisualStudioVersion = 17.2.32602.215
MinimumVisualStudioVersion = 10.0.40219.1
Project("{FAE04EC0-301F-11D3-BF4B-00C04F79EFBC}") = "zad1", "task1\zad1.csproj", "{EE980F84-68C3-47FF-8D65-23744097F0D9}"
EndProject
Global
	GlobalSection(SolutionConfigurationPlatforms) = preSolution
		Debug|Any CPU = Debug|Any CPU
		Release|Any CPU = Release|Any CPU
	EndGlobalSection
	GlobalSection(ProjectConfigurationPlatforms) = postSolution
		{EE980F84-68C3-47FF-8D65-23744097F0D9}.Debug|Any CPU.ActiveCfg = Debug|Any CPU
		{EE980F84-68C3-47FF-8D65-23744097F0D9}.Debug|Any CPU.Build.0 = Debug|Any CPU
		{EE980F84-68C3-47FF-8D65-23744097F0D9}.Release|Any CPU.ActiveCfg = Release|Any CPU
		{EE980F84-68C3-47FF-8D65-23744097F0D9}.Release|Any CPU.Build.0 = Release|Any CPU
	EndGlobalSection
	GlobalSection(SolutionProperties) = preSolution
		HideSolutionNode = FALSE
	EndGlobalSection
	GlobalSection(ExtensibilityGlobals) = postSolution
		SolutionGuid = {F27FB179-CD9A-450E-B9F9-5B7BD93EC7B1}
	EndGlobalSection
EndGlobal
