
Microsoft Visual Studio Solution File, Format Version 12.00
# Visual Studio Version 17
VisualStudioVersion = 17.9.34728.123
MinimumVisualStudioVersion = 10.0.40219.1
Project("{FAE04EC0-301F-11D3-BF4B-00C04F79EFBC}") = "Task1", "Task1\Task1.csproj", "{24039C82-1BBC-4947-A785-EB5E8E58C156}"
EndProject
Project("{FAE04EC0-301F-11D3-BF4B-00C04F79EFBC}") = "Task2", "Task2\Task2.csproj", "{E560D78F-CC24-4B7F-999C-10FE23AF8175}"
EndProject
Project("{FAE04EC0-301F-11D3-BF4B-00C04F79EFBC}") = "Task3", "Task3\Task3.csproj", "{E35FF3E9-A590-44EA-9F6E-AE9FC1C1D1CA}"
EndProject
Project("{FAE04EC0-301F-11D3-BF4B-00C04F79EFBC}") = "Task4", "Task4\Task4.csproj", "{071CBEC0-8BBD-4D8D-97CF-D302326BC4CD}"
EndProject
Project("{FAE04EC0-301F-11D3-BF4B-00C04F79EFBC}") = "Task5", "Task5\Task5.csproj", "{BE36A1B4-49B7-4B9C-9C7F-B1951AD02677}"
EndProject
Global
	GlobalSection(SolutionConfigurationPlatforms) = preSolution
		Debug|Any CPU = Debug|Any CPU
		Release|Any CPU = Release|Any CPU
	EndGlobalSection
	GlobalSection(ProjectConfigurationPlatforms) = postSolution
		{24039C82-1BBC-4947-A785-EB5E8E58C156}.Debug|Any CPU.ActiveCfg = Debug|Any CPU
		{24039C82-1BBC-4947-A785-EB5E8E58C156}.Debug|Any CPU.Build.0 = Debug|Any CPU
		{24039C82-1BBC-4947-A785-EB5E8E58C156}.Release|Any CPU.ActiveCfg = Release|Any CPU
		{24039C82-1BBC-4947-A785-EB5E8E58C156}.Release|Any CPU.Build.0 = Release|Any CPU
		{E560D78F-CC24-4B7F-999C-10FE23AF8175}.Debug|Any CPU.ActiveCfg = Debug|Any CPU
		{E560D78F-CC24-4B7F-999C-10FE23AF8175}.Debug|Any CPU.Build.0 = Debug|Any CPU
		{E560D78F-CC24-4B7F-999C-10FE23AF8175}.Release|Any CPU.ActiveCfg = Release|Any CPU
		{E560D78F-CC24-4B7F-999C-10FE23AF8175}.Release|Any CPU.Build.0 = Release|Any CPU
		{E35FF3E9-A590-44EA-9F6E-AE9FC1C1D1CA}.Debug|Any CPU.ActiveCfg = Debug|Any CPU
		{E35FF3E9-A590-44EA-9F6E-AE9FC1C1D1CA}.Debug|Any CPU.Build.0 = Debug|Any CPU
		{E35FF3E9-A590-44EA-9F6E-AE9FC1C1D1CA}.Release|Any CPU.ActiveCfg = Release|Any CPU
		{E35FF3E9-A590-44EA-9F6E-AE9FC1C1D1CA}.Release|Any CPU.Build.0 = Release|Any CPU
		{071CBEC0-8BBD-4D8D-97CF-D302326BC4CD}.Debug|Any CPU.ActiveCfg = Debug|Any CPU
		{071CBEC0-8BBD-4D8D-97CF-D302326BC4CD}.Debug|Any CPU.Build.0 = Debug|Any CPU
		{071CBEC0-8BBD-4D8D-97CF-D302326BC4CD}.Release|Any CPU.ActiveCfg = Release|Any CPU
		{071CBEC0-8BBD-4D8D-97CF-D302326BC4CD}.Release|Any CPU.Build.0 = Release|Any CPU
		{BE36A1B4-49B7-4B9C-9C7F-B1951AD02677}.Debug|Any CPU.ActiveCfg = Debug|Any CPU
		{BE36A1B4-49B7-4B9C-9C7F-B1951AD02677}.Debug|Any CPU.Build.0 = Debug|Any CPU
		{BE36A1B4-49B7-4B9C-9C7F-B1951AD02677}.Release|Any CPU.ActiveCfg = Release|Any CPU
		{BE36A1B4-49B7-4B9C-9C7F-B1951AD02677}.Release|Any CPU.Build.0 = Release|Any CPU
	EndGlobalSection
	GlobalSection(SolutionProperties) = preSolution
		HideSolutionNode = FALSE
	EndGlobalSection
	GlobalSection(ExtensibilityGlobals) = postSolution
		SolutionGuid = {F40E3C69-EAE6-4E04-9F5C-9DCA299C8956}
	EndGlobalSection
EndGlobal
