
Microsoft Visual Studio Solution File, Format Version 12.00
# Visual Studio Version 17
VisualStudioVersion = 17.9.34728.123
MinimumVisualStudioVersion = 10.0.40219.1
Project("{FAE04EC0-301F-11D3-BF4B-00C04F79EFBC}") = "Task1", "Task1\Task1.csproj", "{212B0F10-5798-41AE-AEBB-6FC6FF7614EB}"
EndProject
Project("{FAE04EC0-301F-11D3-BF4B-00C04F79EFBC}") = "Task2", "Task2\Task2.csproj", "{670845D2-CA12-45B7-B9F9-AC47FE775654}"
EndProject
Project("{FAE04EC0-301F-11D3-BF4B-00C04F79EFBC}") = "Task3", "Task3\Task3.csproj", "{EA5ECE13-C4AD-42F9-994E-B7E46926BABA}"
EndProject
Project("{FAE04EC0-301F-11D3-BF4B-00C04F79EFBC}") = "Task4", "Task4\Task4.csproj", "{BD5DBDFC-7812-4C89-B11C-5E05E96389DD}"
EndProject
Global
	GlobalSection(SolutionConfigurationPlatforms) = preSolution
		Debug|Any CPU = Debug|Any CPU
		Release|Any CPU = Release|Any CPU
	EndGlobalSection
	GlobalSection(ProjectConfigurationPlatforms) = postSolution
		{212B0F10-5798-41AE-AEBB-6FC6FF7614EB}.Debug|Any CPU.ActiveCfg = Debug|Any CPU
		{212B0F10-5798-41AE-AEBB-6FC6FF7614EB}.Debug|Any CPU.Build.0 = Debug|Any CPU
		{212B0F10-5798-41AE-AEBB-6FC6FF7614EB}.Release|Any CPU.ActiveCfg = Release|Any CPU
		{212B0F10-5798-41AE-AEBB-6FC6FF7614EB}.Release|Any CPU.Build.0 = Release|Any CPU
		{670845D2-CA12-45B7-B9F9-AC47FE775654}.Debug|Any CPU.ActiveCfg = Debug|Any CPU
		{670845D2-CA12-45B7-B9F9-AC47FE775654}.Debug|Any CPU.Build.0 = Debug|Any CPU
		{670845D2-CA12-45B7-B9F9-AC47FE775654}.Release|Any CPU.ActiveCfg = Release|Any CPU
		{670845D2-CA12-45B7-B9F9-AC47FE775654}.Release|Any CPU.Build.0 = Release|Any CPU
		{EA5ECE13-C4AD-42F9-994E-B7E46926BABA}.Debug|Any CPU.ActiveCfg = Debug|Any CPU
		{EA5ECE13-C4AD-42F9-994E-B7E46926BABA}.Debug|Any CPU.Build.0 = Debug|Any CPU
		{EA5ECE13-C4AD-42F9-994E-B7E46926BABA}.Release|Any CPU.ActiveCfg = Release|Any CPU
		{EA5ECE13-C4AD-42F9-994E-B7E46926BABA}.Release|Any CPU.Build.0 = Release|Any CPU
		{BD5DBDFC-7812-4C89-B11C-5E05E96389DD}.Debug|Any CPU.ActiveCfg = Debug|Any CPU
		{BD5DBDFC-7812-4C89-B11C-5E05E96389DD}.Debug|Any CPU.Build.0 = Debug|Any CPU
		{BD5DBDFC-7812-4C89-B11C-5E05E96389DD}.Release|Any CPU.ActiveCfg = Release|Any CPU
		{BD5DBDFC-7812-4C89-B11C-5E05E96389DD}.Release|Any CPU.Build.0 = Release|Any CPU
	EndGlobalSection
	GlobalSection(SolutionProperties) = preSolution
		HideSolutionNode = FALSE
	EndGlobalSection
	GlobalSection(ExtensibilityGlobals) = postSolution
		SolutionGuid = {BD6A08E3-3FC3-4B5C-9145-DE6B8C95527C}
	EndGlobalSection
EndGlobal
