
Microsoft Visual Studio Solution File, Format Version 12.00
# Visual Studio Version 17
VisualStudioVersion = 17.7.34031.279
MinimumVisualStudioVersion = 10.0.40219.1
Project("{FAE04EC0-301F-11D3-BF4B-00C04F79EFBC}") = "Task1", "Task1\Task1.csproj", "{3C17FAE4-C5FD-496D-BC2E-6D1D0A8FA7E0}"
EndProject
Project("{FAE04EC0-301F-11D3-BF4B-00C04F79EFBC}") = "Task2", "Task2\Task2.csproj", "{AB2E3898-E09D-4DF0-A6E3-62D574F3D589}"
EndProject
Global
	GlobalSection(SolutionConfigurationPlatforms) = preSolution
		Debug|Any CPU = Debug|Any CPU
		Release|Any CPU = Release|Any CPU
	EndGlobalSection
	GlobalSection(ProjectConfigurationPlatforms) = postSolution
		{3C17FAE4-C5FD-496D-BC2E-6D1D0A8FA7E0}.Debug|Any CPU.ActiveCfg = Debug|Any CPU
		{3C17FAE4-C5FD-496D-BC2E-6D1D0A8FA7E0}.Debug|Any CPU.Build.0 = Debug|Any CPU
		{3C17FAE4-C5FD-496D-BC2E-6D1D0A8FA7E0}.Release|Any CPU.ActiveCfg = Release|Any CPU
		{3C17FAE4-C5FD-496D-BC2E-6D1D0A8FA7E0}.Release|Any CPU.Build.0 = Release|Any CPU
		{AB2E3898-E09D-4DF0-A6E3-62D574F3D589}.Debug|Any CPU.ActiveCfg = Debug|Any CPU
		{AB2E3898-E09D-4DF0-A6E3-62D574F3D589}.Debug|Any CPU.Build.0 = Debug|Any CPU
		{AB2E3898-E09D-4DF0-A6E3-62D574F3D589}.Release|Any CPU.ActiveCfg = Release|Any CPU
		{AB2E3898-E09D-4DF0-A6E3-62D574F3D589}.Release|Any CPU.Build.0 = Release|Any CPU
	EndGlobalSection
	GlobalSection(SolutionProperties) = preSolution
		HideSolutionNode = FALSE
	EndGlobalSection
	GlobalSection(ExtensibilityGlobals) = postSolution
		SolutionGuid = {095053EE-CB28-4A84-9C03-09150ACCB5B3}
	EndGlobalSection
EndGlobal
