
Microsoft Visual Studio Solution File, Format Version 12.00
# Visual Studio Version 17
VisualStudioVersion = 17.7.34031.279
MinimumVisualStudioVersion = 10.0.40219.1
Project("{FAE04EC0-301F-11D3-BF4B-00C04F79EFBC}") = "Task1", "Task1\Task1.csproj", "{BA2B04BC-E88F-4F51-8A68-15FAB03BCCA0}"
EndProject
Project("{FAE04EC0-301F-11D3-BF4B-00C04F79EFBC}") = "Task2", "Task2\Task2.csproj", "{1DB47FC4-4CD5-420C-BF88-1D1CCFCBA6F7}"
EndProject
Project("{FAE04EC0-301F-11D3-BF4B-00C04F79EFBC}") = "Task3", "Task3\Task3.csproj", "{53EB8240-7899-4326-9574-582904F6EA0E}"
EndProject
Global
	GlobalSection(SolutionConfigurationPlatforms) = preSolution
		Debug|Any CPU = Debug|Any CPU
		Release|Any CPU = Release|Any CPU
	EndGlobalSection
	GlobalSection(ProjectConfigurationPlatforms) = postSolution
		{BA2B04BC-E88F-4F51-8A68-15FAB03BCCA0}.Debug|Any CPU.ActiveCfg = Debug|Any CPU
		{BA2B04BC-E88F-4F51-8A68-15FAB03BCCA0}.Debug|Any CPU.Build.0 = Debug|Any CPU
		{BA2B04BC-E88F-4F51-8A68-15FAB03BCCA0}.Release|Any CPU.ActiveCfg = Release|Any CPU
		{BA2B04BC-E88F-4F51-8A68-15FAB03BCCA0}.Release|Any CPU.Build.0 = Release|Any CPU
		{1DB47FC4-4CD5-420C-BF88-1D1CCFCBA6F7}.Debug|Any CPU.ActiveCfg = Debug|Any CPU
		{1DB47FC4-4CD5-420C-BF88-1D1CCFCBA6F7}.Debug|Any CPU.Build.0 = Debug|Any CPU
		{1DB47FC4-4CD5-420C-BF88-1D1CCFCBA6F7}.Release|Any CPU.ActiveCfg = Release|Any CPU
		{1DB47FC4-4CD5-420C-BF88-1D1CCFCBA6F7}.Release|Any CPU.Build.0 = Release|Any CPU
		{53EB8240-7899-4326-9574-582904F6EA0E}.Debug|Any CPU.ActiveCfg = Debug|Any CPU
		{53EB8240-7899-4326-9574-582904F6EA0E}.Debug|Any CPU.Build.0 = Debug|Any CPU
		{53EB8240-7899-4326-9574-582904F6EA0E}.Release|Any CPU.ActiveCfg = Release|Any CPU
		{53EB8240-7899-4326-9574-582904F6EA0E}.Release|Any CPU.Build.0 = Release|Any CPU
	EndGlobalSection
	GlobalSection(SolutionProperties) = preSolution
		HideSolutionNode = FALSE
	EndGlobalSection
	GlobalSection(ExtensibilityGlobals) = postSolution
		SolutionGuid = {FDEAFD2E-72A2-4082-BDD5-DF22419F73E4}
	EndGlobalSection
EndGlobal
