
Microsoft Visual Studio Solution File, Format Version 12.00
# Visual Studio Version 17
VisualStudioVersion = 17.9.34728.123
MinimumVisualStudioVersion = 10.0.40219.1
Project("{9A19103F-16F7-4668-BE54-9A1E7A4F7556}") = "Task1", "Task1\Task1.csproj", "{F2873C64-FC13-46F6-BDF3-8E761ED69AAF}"
EndProject
Project("{9A19103F-16F7-4668-BE54-9A1E7A4F7556}") = "Task2", "Task2\Task2.csproj", "{B6B23410-2706-45F3-8FB8-6498785AE8EB}"
EndProject
Project("{9A19103F-16F7-4668-BE54-9A1E7A4F7556}") = "Task3", "Task3\Task3.csproj", "{7C102F3D-E165-487A-A144-471FE0F329AB}"
EndProject
Project("{9A19103F-16F7-4668-BE54-9A1E7A4F7556}") = "Task4", "Task4\Task4.csproj", "{D4F303AD-E25D-4B08-A1F6-6493008F1C43}"
EndProject
Project("{FAE04EC0-301F-11D3-BF4B-00C04F79EFBC}") = "Task5", "Task5\Task5.csproj", "{AB52FE1C-E5D3-4B42-A595-EA8256071BD1}"
EndProject
Project("{FAE04EC0-301F-11D3-BF4B-00C04F79EFBC}") = "Task6", "Task6\Task6.csproj", "{C3CAD075-8179-4EF6-8B24-A8CAF36EF05D}"
EndProject
Global
	GlobalSection(SolutionConfigurationPlatforms) = preSolution
		Debug|Any CPU = Debug|Any CPU
		Release|Any CPU = Release|Any CPU
	EndGlobalSection
	GlobalSection(ProjectConfigurationPlatforms) = postSolution
		{F2873C64-FC13-46F6-BDF3-8E761ED69AAF}.Debug|Any CPU.ActiveCfg = Debug|Any CPU
		{F2873C64-FC13-46F6-BDF3-8E761ED69AAF}.Debug|Any CPU.Build.0 = Debug|Any CPU
		{F2873C64-FC13-46F6-BDF3-8E761ED69AAF}.Release|Any CPU.ActiveCfg = Release|Any CPU
		{F2873C64-FC13-46F6-BDF3-8E761ED69AAF}.Release|Any CPU.Build.0 = Release|Any CPU
		{B6B23410-2706-45F3-8FB8-6498785AE8EB}.Debug|Any CPU.ActiveCfg = Debug|Any CPU
		{B6B23410-2706-45F3-8FB8-6498785AE8EB}.Debug|Any CPU.Build.0 = Debug|Any CPU
		{B6B23410-2706-45F3-8FB8-6498785AE8EB}.Release|Any CPU.ActiveCfg = Release|Any CPU
		{B6B23410-2706-45F3-8FB8-6498785AE8EB}.Release|Any CPU.Build.0 = Release|Any CPU
		{7C102F3D-E165-487A-A144-471FE0F329AB}.Debug|Any CPU.ActiveCfg = Debug|Any CPU
		{7C102F3D-E165-487A-A144-471FE0F329AB}.Debug|Any CPU.Build.0 = Debug|Any CPU
		{7C102F3D-E165-487A-A144-471FE0F329AB}.Release|Any CPU.ActiveCfg = Release|Any CPU
		{7C102F3D-E165-487A-A144-471FE0F329AB}.Release|Any CPU.Build.0 = Release|Any CPU
		{D4F303AD-E25D-4B08-A1F6-6493008F1C43}.Debug|Any CPU.ActiveCfg = Debug|Any CPU
		{D4F303AD-E25D-4B08-A1F6-6493008F1C43}.Debug|Any CPU.Build.0 = Debug|Any CPU
		{D4F303AD-E25D-4B08-A1F6-6493008F1C43}.Release|Any CPU.ActiveCfg = Release|Any CPU
		{D4F303AD-E25D-4B08-A1F6-6493008F1C43}.Release|Any CPU.Build.0 = Release|Any CPU
		{AB52FE1C-E5D3-4B42-A595-EA8256071BD1}.Debug|Any CPU.ActiveCfg = Debug|Any CPU
		{AB52FE1C-E5D3-4B42-A595-EA8256071BD1}.Debug|Any CPU.Build.0 = Debug|Any CPU
		{AB52FE1C-E5D3-4B42-A595-EA8256071BD1}.Release|Any CPU.ActiveCfg = Release|Any CPU
		{AB52FE1C-E5D3-4B42-A595-EA8256071BD1}.Release|Any CPU.Build.0 = Release|Any CPU
		{C3CAD075-8179-4EF6-8B24-A8CAF36EF05D}.Debug|Any CPU.ActiveCfg = Debug|Any CPU
		{C3CAD075-8179-4EF6-8B24-A8CAF36EF05D}.Debug|Any CPU.Build.0 = Debug|Any CPU
		{C3CAD075-8179-4EF6-8B24-A8CAF36EF05D}.Release|Any CPU.ActiveCfg = Release|Any CPU
		{C3CAD075-8179-4EF6-8B24-A8CAF36EF05D}.Release|Any CPU.Build.0 = Release|Any CPU
	EndGlobalSection
	GlobalSection(SolutionProperties) = preSolution
		HideSolutionNode = FALSE
	EndGlobalSection
	GlobalSection(ExtensibilityGlobals) = postSolution
		SolutionGuid = {F84D9D5A-E2F3-40AA-8255-E95D42BDD01A}
	EndGlobalSection
EndGlobal
