
Microsoft Visual Studio Solution File, Format Version 12.00
# Visual Studio Version 17
VisualStudioVersion = 17.9.34728.123
MinimumVisualStudioVersion = 10.0.40219.1
Project("{FAE04EC0-301F-11D3-BF4B-00C04F79EFBC}") = "Task1", "Task1\Task1.csproj", "{B64C0381-B8A1-457F-8137-F4FED8E6619A}"
EndProject
Global
	GlobalSection(SolutionConfigurationPlatforms) = preSolution
		Debug|Any CPU = Debug|Any CPU
		Release|Any CPU = Release|Any CPU
	EndGlobalSection
	GlobalSection(ProjectConfigurationPlatforms) = postSolution
		{B64C0381-B8A1-457F-8137-F4FED8E6619A}.Debug|Any CPU.ActiveCfg = Debug|Any CPU
		{B64C0381-B8A1-457F-8137-F4FED8E6619A}.Debug|Any CPU.Build.0 = Debug|Any CPU
		{B64C0381-B8A1-457F-8137-F4FED8E6619A}.Release|Any CPU.ActiveCfg = Release|Any CPU
		{B64C0381-B8A1-457F-8137-F4FED8E6619A}.Release|Any CPU.Build.0 = Release|Any CPU
	EndGlobalSection
	GlobalSection(SolutionProperties) = preSolution
		HideSolutionNode = FALSE
	EndGlobalSection
	GlobalSection(ExtensibilityGlobals) = postSolution
		SolutionGuid = {6F148C1A-6E25-4D1A-8346-645C6D17B893}
	EndGlobalSection
EndGlobal
