
Microsoft Visual Studio Solution File, Format Version 12.00
# Visual Studio Version 17
VisualStudioVersion = 17.7.34031.279
MinimumVisualStudioVersion = 10.0.40219.1
Project("{FAE04EC0-301F-11D3-BF4B-00C04F79EFBC}") = "Task1", "Task1\Task1.csproj", "{DF8F789B-3E8C-45FF-9DF4-66D02015A613}"
EndProject
Project("{FAE04EC0-301F-11D3-BF4B-00C04F79EFBC}") = "Task2", "Task2\Task2.csproj", "{A0C19894-7C15-4C75-805D-8BA3594EE45E}"
EndProject
Project("{FAE04EC0-301F-11D3-BF4B-00C04F79EFBC}") = "Task3", "Task3\Task3.csproj", "{9CF3E832-D2A2-4C20-B013-B9EF12DB2AAC}"
EndProject
Project("{FAE04EC0-301F-11D3-BF4B-00C04F79EFBC}") = "Task4.1", "Task4\Task4.1.csproj", "{28CF3690-108A-4A62-A719-28E80681BEEF}"
EndProject
Project("{FAE04EC0-301F-11D3-BF4B-00C04F79EFBC}") = "Task4.2", "Task4.2\Task4.2.csproj", "{D54D9510-E332-422C-8ED8-811EB1699D8F}"
EndProject
Project("{FAE04EC0-301F-11D3-BF4B-00C04F79EFBC}") = "Task4.3", "Task4.3\Task4.3.csproj", "{2044E019-5F33-4797-AA26-CCCD2B1FEA86}"
EndProject
Project("{FAE04EC0-301F-11D3-BF4B-00C04F79EFBC}") = "Task5", "Task5\Task5.csproj", "{5F094B91-4837-40A7-9EC1-C329E48CA91D}"
EndProject
Project("{FAE04EC0-301F-11D3-BF4B-00C04F79EFBC}") = "Task6", "Task6\Task6.csproj", "{2AE7083B-BC59-4B96-ACFE-5F1C326CFD7A}"
EndProject
Global
	GlobalSection(SolutionConfigurationPlatforms) = preSolution
		Debug|Any CPU = Debug|Any CPU
		Release|Any CPU = Release|Any CPU
	EndGlobalSection
	GlobalSection(ProjectConfigurationPlatforms) = postSolution
		{DF8F789B-3E8C-45FF-9DF4-66D02015A613}.Debug|Any CPU.ActiveCfg = Debug|Any CPU
		{DF8F789B-3E8C-45FF-9DF4-66D02015A613}.Debug|Any CPU.Build.0 = Debug|Any CPU
		{DF8F789B-3E8C-45FF-9DF4-66D02015A613}.Release|Any CPU.ActiveCfg = Release|Any CPU
		{DF8F789B-3E8C-45FF-9DF4-66D02015A613}.Release|Any CPU.Build.0 = Release|Any CPU
		{A0C19894-7C15-4C75-805D-8BA3594EE45E}.Debug|Any CPU.ActiveCfg = Debug|Any CPU
		{A0C19894-7C15-4C75-805D-8BA3594EE45E}.Debug|Any CPU.Build.0 = Debug|Any CPU
		{A0C19894-7C15-4C75-805D-8BA3594EE45E}.Release|Any CPU.ActiveCfg = Release|Any CPU
		{A0C19894-7C15-4C75-805D-8BA3594EE45E}.Release|Any CPU.Build.0 = Release|Any CPU
		{9CF3E832-D2A2-4C20-B013-B9EF12DB2AAC}.Debug|Any CPU.ActiveCfg = Debug|Any CPU
		{9CF3E832-D2A2-4C20-B013-B9EF12DB2AAC}.Debug|Any CPU.Build.0 = Debug|Any CPU
		{9CF3E832-D2A2-4C20-B013-B9EF12DB2AAC}.Release|Any CPU.ActiveCfg = Release|Any CPU
		{9CF3E832-D2A2-4C20-B013-B9EF12DB2AAC}.Release|Any CPU.Build.0 = Release|Any CPU
		{28CF3690-108A-4A62-A719-28E80681BEEF}.Debug|Any CPU.ActiveCfg = Debug|Any CPU
		{28CF3690-108A-4A62-A719-28E80681BEEF}.Debug|Any CPU.Build.0 = Debug|Any CPU
		{28CF3690-108A-4A62-A719-28E80681BEEF}.Release|Any CPU.ActiveCfg = Release|Any CPU
		{28CF3690-108A-4A62-A719-28E80681BEEF}.Release|Any CPU.Build.0 = Release|Any CPU
		{D54D9510-E332-422C-8ED8-811EB1699D8F}.Debug|Any CPU.ActiveCfg = Debug|Any CPU
		{D54D9510-E332-422C-8ED8-811EB1699D8F}.Debug|Any CPU.Build.0 = Debug|Any CPU
		{D54D9510-E332-422C-8ED8-811EB1699D8F}.Release|Any CPU.ActiveCfg = Release|Any CPU
		{D54D9510-E332-422C-8ED8-811EB1699D8F}.Release|Any CPU.Build.0 = Release|Any CPU
		{2044E019-5F33-4797-AA26-CCCD2B1FEA86}.Debug|Any CPU.ActiveCfg = Debug|Any CPU
		{2044E019-5F33-4797-AA26-CCCD2B1FEA86}.Debug|Any CPU.Build.0 = Debug|Any CPU
		{2044E019-5F33-4797-AA26-CCCD2B1FEA86}.Release|Any CPU.ActiveCfg = Release|Any CPU
		{2044E019-5F33-4797-AA26-CCCD2B1FEA86}.Release|Any CPU.Build.0 = Release|Any CPU
		{5F094B91-4837-40A7-9EC1-C329E48CA91D}.Debug|Any CPU.ActiveCfg = Debug|Any CPU
		{5F094B91-4837-40A7-9EC1-C329E48CA91D}.Debug|Any CPU.Build.0 = Debug|Any CPU
		{5F094B91-4837-40A7-9EC1-C329E48CA91D}.Release|Any CPU.ActiveCfg = Release|Any CPU
		{5F094B91-4837-40A7-9EC1-C329E48CA91D}.Release|Any CPU.Build.0 = Release|Any CPU
		{2AE7083B-BC59-4B96-ACFE-5F1C326CFD7A}.Debug|Any CPU.ActiveCfg = Debug|Any CPU
		{2AE7083B-BC59-4B96-ACFE-5F1C326CFD7A}.Debug|Any CPU.Build.0 = Debug|Any CPU
		{2AE7083B-BC59-4B96-ACFE-5F1C326CFD7A}.Release|Any CPU.ActiveCfg = Release|Any CPU
		{2AE7083B-BC59-4B96-ACFE-5F1C326CFD7A}.Release|Any CPU.Build.0 = Release|Any CPU
	EndGlobalSection
	GlobalSection(SolutionProperties) = preSolution
		HideSolutionNode = FALSE
	EndGlobalSection
	GlobalSection(ExtensibilityGlobals) = postSolution
		SolutionGuid = {47F3599E-5374-4968-94B0-362931985A93}
	EndGlobalSection
EndGlobal
