
Microsoft Visual Studio Solution File, Format Version 12.00
# Visual Studio Version 17
VisualStudioVersion = 17.9.34728.123
MinimumVisualStudioVersion = 10.0.40219.1
Project("{FAE04EC0-301F-11D3-BF4B-00C04F79EFBC}") = "Task1", "Task1\Task1.csproj", "{8651DC37-0EB5-48E3-8DDB-303EEA87CBDC}"
EndProject
Project("{FAE04EC0-301F-11D3-BF4B-00C04F79EFBC}") = "Task2", "Task2\Task2.csproj", "{6E441643-CCF6-4B3B-8B9E-816D66C6A6F6}"
EndProject
Project("{FAE04EC0-301F-11D3-BF4B-00C04F79EFBC}") = "Task3", "Task3\Task3.csproj", "{B15F9F47-EE0D-4700-B53E-D707EC4B1507}"
EndProject
Global
	GlobalSection(SolutionConfigurationPlatforms) = preSolution
		Debug|Any CPU = Debug|Any CPU
		Release|Any CPU = Release|Any CPU
	EndGlobalSection
	GlobalSection(ProjectConfigurationPlatforms) = postSolution
		{8651DC37-0EB5-48E3-8DDB-303EEA87CBDC}.Debug|Any CPU.ActiveCfg = Debug|Any CPU
		{8651DC37-0EB5-48E3-8DDB-303EEA87CBDC}.Debug|Any CPU.Build.0 = Debug|Any CPU
		{8651DC37-0EB5-48E3-8DDB-303EEA87CBDC}.Release|Any CPU.ActiveCfg = Release|Any CPU
		{8651DC37-0EB5-48E3-8DDB-303EEA87CBDC}.Release|Any CPU.Build.0 = Release|Any CPU
		{6E441643-CCF6-4B3B-8B9E-816D66C6A6F6}.Debug|Any CPU.ActiveCfg = Debug|Any CPU
		{6E441643-CCF6-4B3B-8B9E-816D66C6A6F6}.Debug|Any CPU.Build.0 = Debug|Any CPU
		{6E441643-CCF6-4B3B-8B9E-816D66C6A6F6}.Release|Any CPU.ActiveCfg = Release|Any CPU
		{6E441643-CCF6-4B3B-8B9E-816D66C6A6F6}.Release|Any CPU.Build.0 = Release|Any CPU
		{B15F9F47-EE0D-4700-B53E-D707EC4B1507}.Debug|Any CPU.ActiveCfg = Debug|Any CPU
		{B15F9F47-EE0D-4700-B53E-D707EC4B1507}.Debug|Any CPU.Build.0 = Debug|Any CPU
		{B15F9F47-EE0D-4700-B53E-D707EC4B1507}.Release|Any CPU.ActiveCfg = Release|Any CPU
		{B15F9F47-EE0D-4700-B53E-D707EC4B1507}.Release|Any CPU.Build.0 = Release|Any CPU
	EndGlobalSection
	GlobalSection(SolutionProperties) = preSolution
		HideSolutionNode = FALSE
	EndGlobalSection
	GlobalSection(ExtensibilityGlobals) = postSolution
		SolutionGuid = {A9C7351F-C8AE-43EC-B162-F4C3FFF3045B}
	EndGlobalSection
EndGlobal
